
Microsoft Visual Studio Solution File, Format Version 12.00
# Visual Studio 2013
VisualStudioVersion = 12.0.31101.0
MinimumVisualStudioVersion = 10.0.40219.1
Project("{FAE04EC0-301F-11D3-BF4B-00C04F79EFBC}") = "AnimationBehaviorDemo", "AnimationBehaviorDemo\AnimationBehaviorDemo\AnimationBehaviorDemo.csproj", "{5C794E47-BE11-4BA7-8379-F11A2CC1B7AF}"
EndProject
Project("{FAE04EC0-301F-11D3-BF4B-00C04F79EFBC}") = "AnimationBehaviorDemo.iOS", "AnimationBehaviorDemo\AnimationBehaviorDemo.iOS\AnimationBehaviorDemo.iOS.csproj", "{EE711121-B91C-48D8-A47F-F7DAAD80ED63}"
EndProject
Project("{FAE04EC0-301F-11D3-BF4B-00C04F79EFBC}") = "AnimationBehaviorDemo.Droid", "AnimationBehaviorDemo\AnimationBehaviorDemo.Droid\AnimationBehaviorDemo.Droid.csproj", "{880F44E7-F5D4-4E89-ABA2-4AFC2906F360}"
EndProject
Project("{FAE04EC0-301F-11D3-BF4B-00C04F79EFBC}") = "AnimationBehaviorDemo.WinPhone", "AnimationBehaviorDemo\AnimationBehaviorDemo.WinPhone\AnimationBehaviorDemo.WinPhone.csproj", "{1B86C884-966E-4EB7-ADD4-9EFE0A9716CA}"
EndProject
Project("{2150E333-8FDC-42A3-9474-1A3956D46DE8}") = "Solution Items", "Solution Items", "{D02FD293-4DA5-414A-88BF-7298377E5D60}"
	ProjectSection(SolutionItems) = preProject
		xadp.snippet = xadp.snippet
	EndProjectSection
EndProject
Global
	GlobalSection(SolutionConfigurationPlatforms) = preSolution
		Ad-Hoc|Any CPU = Ad-Hoc|Any CPU
		Ad-Hoc|ARM = Ad-Hoc|ARM
		Ad-Hoc|iPhone = Ad-Hoc|iPhone
		Ad-Hoc|iPhoneSimulator = Ad-Hoc|iPhoneSimulator
		Ad-Hoc|Mixed Platforms = Ad-Hoc|Mixed Platforms
		Ad-Hoc|x86 = Ad-Hoc|x86
		AppStore|Any CPU = AppStore|Any CPU
		AppStore|ARM = AppStore|ARM
		AppStore|iPhone = AppStore|iPhone
		AppStore|iPhoneSimulator = AppStore|iPhoneSimulator
		AppStore|Mixed Platforms = AppStore|Mixed Platforms
		AppStore|x86 = AppStore|x86
		Debug|Any CPU = Debug|Any CPU
		Debug|ARM = Debug|ARM
		Debug|iPhone = Debug|iPhone
		Debug|iPhoneSimulator = Debug|iPhoneSimulator
		Debug|Mixed Platforms = Debug|Mixed Platforms
		Debug|x86 = Debug|x86
		Release|Any CPU = Release|Any CPU
		Release|ARM = Release|ARM
		Release|iPhone = Release|iPhone
		Release|iPhoneSimulator = Release|iPhoneSimulator
		Release|Mixed Platforms = Release|Mixed Platforms
		Release|x86 = Release|x86
	EndGlobalSection
	GlobalSection(ProjectConfigurationPlatforms) = postSolution
		{5C794E47-BE11-4BA7-8379-F11A2CC1B7AF}.Ad-Hoc|Any CPU.ActiveCfg = Release|Any CPU
		{5C794E47-BE11-4BA7-8379-F11A2CC1B7AF}.Ad-Hoc|Any CPU.Build.0 = Release|Any CPU
		{5C794E47-BE11-4BA7-8379-F11A2CC1B7AF}.Ad-Hoc|ARM.ActiveCfg = Release|Any CPU
		{5C794E47-BE11-4BA7-8379-F11A2CC1B7AF}.Ad-Hoc|iPhone.ActiveCfg = Release|Any CPU
		{5C794E47-BE11-4BA7-8379-F11A2CC1B7AF}.Ad-Hoc|iPhoneSimulator.ActiveCfg = Release|Any CPU
		{5C794E47-BE11-4BA7-8379-F11A2CC1B7AF}.Ad-Hoc|Mixed Platforms.ActiveCfg = Release|Any CPU
		{5C794E47-BE11-4BA7-8379-F11A2CC1B7AF}.Ad-Hoc|Mixed Platforms.Build.0 = Release|Any CPU
		{5C794E47-BE11-4BA7-8379-F11A2CC1B7AF}.Ad-Hoc|x86.ActiveCfg = Release|Any CPU
		{5C794E47-BE11-4BA7-8379-F11A2CC1B7AF}.AppStore|Any CPU.ActiveCfg = Release|Any CPU
		{5C794E47-BE11-4BA7-8379-F11A2CC1B7AF}.AppStore|Any CPU.Build.0 = Release|Any CPU
		{5C794E47-BE11-4BA7-8379-F11A2CC1B7AF}.AppStore|ARM.ActiveCfg = Release|Any CPU
		{5C794E47-BE11-4BA7-8379-F11A2CC1B7AF}.AppStore|iPhone.ActiveCfg = Release|Any CPU
		{5C794E47-BE11-4BA7-8379-F11A2CC1B7AF}.AppStore|iPhoneSimulator.ActiveCfg = Release|Any CPU
		{5C794E47-BE11-4BA7-8379-F11A2CC1B7AF}.AppStore|Mixed Platforms.ActiveCfg = Release|Any CPU
		{5C794E47-BE11-4BA7-8379-F11A2CC1B7AF}.AppStore|Mixed Platforms.Build.0 = Release|Any CPU
		{5C794E47-BE11-4BA7-8379-F11A2CC1B7AF}.AppStore|x86.ActiveCfg = Release|Any CPU
		{5C794E47-BE11-4BA7-8379-F11A2CC1B7AF}.Debug|Any CPU.ActiveCfg = Debug|Any CPU
		{5C794E47-BE11-4BA7-8379-F11A2CC1B7AF}.Debug|Any CPU.Build.0 = Debug|Any CPU
		{5C794E47-BE11-4BA7-8379-F11A2CC1B7AF}.Debug|ARM.ActiveCfg = Debug|Any CPU
		{5C794E47-BE11-4BA7-8379-F11A2CC1B7AF}.Debug|iPhone.ActiveCfg = Debug|Any CPU
		{5C794E47-BE11-4BA7-8379-F11A2CC1B7AF}.Debug|iPhoneSimulator.ActiveCfg = Debug|Any CPU
		{5C794E47-BE11-4BA7-8379-F11A2CC1B7AF}.Debug|Mixed Platforms.ActiveCfg = Debug|Any CPU
		{5C794E47-BE11-4BA7-8379-F11A2CC1B7AF}.Debug|Mixed Platforms.Build.0 = Debug|Any CPU
		{5C794E47-BE11-4BA7-8379-F11A2CC1B7AF}.Debug|x86.ActiveCfg = Debug|Any CPU
		{5C794E47-BE11-4BA7-8379-F11A2CC1B7AF}.Release|Any CPU.ActiveCfg = Release|Any CPU
		{5C794E47-BE11-4BA7-8379-F11A2CC1B7AF}.Release|Any CPU.Build.0 = Release|Any CPU
		{5C794E47-BE11-4BA7-8379-F11A2CC1B7AF}.Release|ARM.ActiveCfg = Release|Any CPU
		{5C794E47-BE11-4BA7-8379-F11A2CC1B7AF}.Release|iPhone.ActiveCfg = Release|Any CPU
		{5C794E47-BE11-4BA7-8379-F11A2CC1B7AF}.Release|iPhoneSimulator.ActiveCfg = Release|Any CPU
		{5C794E47-BE11-4BA7-8379-F11A2CC1B7AF}.Release|Mixed Platforms.ActiveCfg = Release|Any CPU
		{5C794E47-BE11-4BA7-8379-F11A2CC1B7AF}.Release|Mixed Platforms.Build.0 = Release|Any CPU
		{5C794E47-BE11-4BA7-8379-F11A2CC1B7AF}.Release|x86.ActiveCfg = Release|Any CPU
		{EE711121-B91C-48D8-A47F-F7DAAD80ED63}.Ad-Hoc|Any CPU.ActiveCfg = Ad-Hoc|iPhone
		{EE711121-B91C-48D8-A47F-F7DAAD80ED63}.Ad-Hoc|ARM.ActiveCfg = Ad-Hoc|iPhone
		{EE711121-B91C-48D8-A47F-F7DAAD80ED63}.Ad-Hoc|iPhone.ActiveCfg = Ad-Hoc|iPhone
		{EE711121-B91C-48D8-A47F-F7DAAD80ED63}.Ad-Hoc|iPhone.Build.0 = Ad-Hoc|iPhone
		{EE711121-B91C-48D8-A47F-F7DAAD80ED63}.Ad-Hoc|iPhoneSimulator.ActiveCfg = Ad-Hoc|iPhoneSimulator
		{EE711121-B91C-48D8-A47F-F7DAAD80ED63}.Ad-Hoc|iPhoneSimulator.Build.0 = Ad-Hoc|iPhoneSimulator
		{EE711121-B91C-48D8-A47F-F7DAAD80ED63}.Ad-Hoc|Mixed Platforms.ActiveCfg = Ad-Hoc|iPhone
		{EE711121-B91C-48D8-A47F-F7DAAD80ED63}.Ad-Hoc|Mixed Platforms.Build.0 = Ad-Hoc|iPhone
		{EE711121-B91C-48D8-A47F-F7DAAD80ED63}.Ad-Hoc|x86.ActiveCfg = Ad-Hoc|iPhone
		{EE711121-B91C-48D8-A47F-F7DAAD80ED63}.AppStore|Any CPU.ActiveCfg = AppStore|iPhone
		{EE711121-B91C-48D8-A47F-F7DAAD80ED63}.AppStore|ARM.ActiveCfg = AppStore|iPhone
		{EE711121-B91C-48D8-A47F-F7DAAD80ED63}.AppStore|iPhone.ActiveCfg = AppStore|iPhone
		{EE711121-B91C-48D8-A47F-F7DAAD80ED63}.AppStore|iPhone.Build.0 = AppStore|iPhone
		{EE711121-B91C-48D8-A47F-F7DAAD80ED63}.AppStore|iPhoneSimulator.ActiveCfg = AppStore|iPhoneSimulator
		{EE711121-B91C-48D8-A47F-F7DAAD80ED63}.AppStore|iPhoneSimulator.Build.0 = AppStore|iPhoneSimulator
		{EE711121-B91C-48D8-A47F-F7DAAD80ED63}.AppStore|Mixed Platforms.ActiveCfg = AppStore|iPhone
		{EE711121-B91C-48D8-A47F-F7DAAD80ED63}.AppStore|Mixed Platforms.Build.0 = AppStore|iPhone
		{EE711121-B91C-48D8-A47F-F7DAAD80ED63}.AppStore|x86.ActiveCfg = AppStore|iPhone
		{EE711121-B91C-48D8-A47F-F7DAAD80ED63}.Debug|Any CPU.ActiveCfg = Debug|iPhone
		{EE711121-B91C-48D8-A47F-F7DAAD80ED63}.Debug|ARM.ActiveCfg = Debug|iPhone
		{EE711121-B91C-48D8-A47F-F7DAAD80ED63}.Debug|iPhone.ActiveCfg = Debug|iPhone
		{EE711121-B91C-48D8-A47F-F7DAAD80ED63}.Debug|iPhone.Build.0 = Debug|iPhone
		{EE711121-B91C-48D8-A47F-F7DAAD80ED63}.Debug|iPhoneSimulator.ActiveCfg = Debug|iPhoneSimulator
		{EE711121-B91C-48D8-A47F-F7DAAD80ED63}.Debug|iPhoneSimulator.Build.0 = Debug|iPhoneSimulator
		{EE711121-B91C-48D8-A47F-F7DAAD80ED63}.Debug|Mixed Platforms.ActiveCfg = Debug|iPhone
		{EE711121-B91C-48D8-A47F-F7DAAD80ED63}.Debug|Mixed Platforms.Build.0 = Debug|iPhone
		{EE711121-B91C-48D8-A47F-F7DAAD80ED63}.Debug|x86.ActiveCfg = Debug|iPhone
		{EE711121-B91C-48D8-A47F-F7DAAD80ED63}.Release|Any CPU.ActiveCfg = Release|iPhone
		{EE711121-B91C-48D8-A47F-F7DAAD80ED63}.Release|ARM.ActiveCfg = Release|iPhone
		{EE711121-B91C-48D8-A47F-F7DAAD80ED63}.Release|iPhone.ActiveCfg = Release|iPhone
		{EE711121-B91C-48D8-A47F-F7DAAD80ED63}.Release|iPhone.Build.0 = Release|iPhone
		{EE711121-B91C-48D8-A47F-F7DAAD80ED63}.Release|iPhoneSimulator.ActiveCfg = Release|iPhoneSimulator
		{EE711121-B91C-48D8-A47F-F7DAAD80ED63}.Release|iPhoneSimulator.Build.0 = Release|iPhoneSimulator
		{EE711121-B91C-48D8-A47F-F7DAAD80ED63}.Release|Mixed Platforms.ActiveCfg = Release|iPhone
		{EE711121-B91C-48D8-A47F-F7DAAD80ED63}.Release|Mixed Platforms.Build.0 = Release|iPhone
		{EE711121-B91C-48D8-A47F-F7DAAD80ED63}.Release|x86.ActiveCfg = Release|iPhone
		{880F44E7-F5D4-4E89-ABA2-4AFC2906F360}.Ad-Hoc|Any CPU.ActiveCfg = Release|Any CPU
		{880F44E7-F5D4-4E89-ABA2-4AFC2906F360}.Ad-Hoc|Any CPU.Build.0 = Release|Any CPU
		{880F44E7-F5D4-4E89-ABA2-4AFC2906F360}.Ad-Hoc|Any CPU.Deploy.0 = Release|Any CPU
		{880F44E7-F5D4-4E89-ABA2-4AFC2906F360}.Ad-Hoc|ARM.ActiveCfg = Release|Any CPU
		{880F44E7-F5D4-4E89-ABA2-4AFC2906F360}.Ad-Hoc|iPhone.ActiveCfg = Release|Any CPU
		{880F44E7-F5D4-4E89-ABA2-4AFC2906F360}.Ad-Hoc|iPhoneSimulator.ActiveCfg = Release|Any CPU
		{880F44E7-F5D4-4E89-ABA2-4AFC2906F360}.Ad-Hoc|Mixed Platforms.ActiveCfg = Release|Any CPU
		{880F44E7-F5D4-4E89-ABA2-4AFC2906F360}.Ad-Hoc|Mixed Platforms.Build.0 = Release|Any CPU
		{880F44E7-F5D4-4E89-ABA2-4AFC2906F360}.Ad-Hoc|Mixed Platforms.Deploy.0 = Release|Any CPU
		{880F44E7-F5D4-4E89-ABA2-4AFC2906F360}.Ad-Hoc|x86.ActiveCfg = Release|Any CPU
		{880F44E7-F5D4-4E89-ABA2-4AFC2906F360}.AppStore|Any CPU.ActiveCfg = Release|Any CPU
		{880F44E7-F5D4-4E89-ABA2-4AFC2906F360}.AppStore|Any CPU.Build.0 = Release|Any CPU
		{880F44E7-F5D4-4E89-ABA2-4AFC2906F360}.AppStore|Any CPU.Deploy.0 = Release|Any CPU
		{880F44E7-F5D4-4E89-ABA2-4AFC2906F360}.AppStore|ARM.ActiveCfg = Release|Any CPU
		{880F44E7-F5D4-4E89-ABA2-4AFC2906F360}.AppStore|iPhone.ActiveCfg = Release|Any CPU
		{880F44E7-F5D4-4E89-ABA2-4AFC2906F360}.AppStore|iPhoneSimulator.ActiveCfg = Release|Any CPU
		{880F44E7-F5D4-4E89-ABA2-4AFC2906F360}.AppStore|Mixed Platforms.ActiveCfg = Release|Any CPU
		{880F44E7-F5D4-4E89-ABA2-4AFC2906F360}.AppStore|Mixed Platforms.Build.0 = Release|Any CPU
		{880F44E7-F5D4-4E89-ABA2-4AFC2906F360}.AppStore|Mixed Platforms.Deploy.0 = Release|Any CPU
		{880F44E7-F5D4-4E89-ABA2-4AFC2906F360}.AppStore|x86.ActiveCfg = Release|Any CPU
		{880F44E7-F5D4-4E89-ABA2-4AFC2906F360}.Debug|Any CPU.ActiveCfg = Debug|Any CPU
		{880F44E7-F5D4-4E89-ABA2-4AFC2906F360}.Debug|Any CPU.Build.0 = Debug|Any CPU
		{880F44E7-F5D4-4E89-ABA2-4AFC2906F360}.Debug|Any CPU.Deploy.0 = Debug|Any CPU
		{880F44E7-F5D4-4E89-ABA2-4AFC2906F360}.Debug|ARM.ActiveCfg = Debug|Any CPU
		{880F44E7-F5D4-4E89-ABA2-4AFC2906F360}.Debug|iPhone.ActiveCfg = Debug|Any CPU
		{880F44E7-F5D4-4E89-ABA2-4AFC2906F360}.Debug|iPhoneSimulator.ActiveCfg = Debug|Any CPU
		{880F44E7-F5D4-4E89-ABA2-4AFC2906F360}.Debug|Mixed Platforms.ActiveCfg = Debug|Any CPU
		{880F44E7-F5D4-4E89-ABA2-4AFC2906F360}.Debug|Mixed Platforms.Build.0 = Debug|Any CPU
		{880F44E7-F5D4-4E89-ABA2-4AFC2906F360}.Debug|Mixed Platforms.Deploy.0 = Debug|Any CPU
		{880F44E7-F5D4-4E89-ABA2-4AFC2906F360}.Debug|x86.ActiveCfg = Debug|Any CPU
		{880F44E7-F5D4-4E89-ABA2-4AFC2906F360}.Release|Any CPU.ActiveCfg = Release|Any CPU
		{880F44E7-F5D4-4E89-ABA2-4AFC2906F360}.Release|Any CPU.Build.0 = Release|Any CPU
		{880F44E7-F5D4-4E89-ABA2-4AFC2906F360}.Release|Any CPU.Deploy.0 = Release|Any CPU
		{880F44E7-F5D4-4E89-ABA2-4AFC2906F360}.Release|ARM.ActiveCfg = Release|Any CPU
		{880F44E7-F5D4-4E89-ABA2-4AFC2906F360}.Release|iPhone.ActiveCfg = Release|Any CPU
		{880F44E7-F5D4-4E89-ABA2-4AFC2906F360}.Release|iPhoneSimulator.ActiveCfg = Release|Any CPU
		{880F44E7-F5D4-4E89-ABA2-4AFC2906F360}.Release|Mixed Platforms.ActiveCfg = Release|Any CPU
		{880F44E7-F5D4-4E89-ABA2-4AFC2906F360}.Release|Mixed Platforms.Build.0 = Release|Any CPU
		{880F44E7-F5D4-4E89-ABA2-4AFC2906F360}.Release|Mixed Platforms.Deploy.0 = Release|Any CPU
		{880F44E7-F5D4-4E89-ABA2-4AFC2906F360}.Release|x86.ActiveCfg = Release|Any CPU
		{1B86C884-966E-4EB7-ADD4-9EFE0A9716CA}.Ad-Hoc|Any CPU.ActiveCfg = Release|Any CPU
		{1B86C884-966E-4EB7-ADD4-9EFE0A9716CA}.Ad-Hoc|Any CPU.Build.0 = Release|Any CPU
		{1B86C884-966E-4EB7-ADD4-9EFE0A9716CA}.Ad-Hoc|Any CPU.Deploy.0 = Release|Any CPU
		{1B86C884-966E-4EB7-ADD4-9EFE0A9716CA}.Ad-Hoc|ARM.ActiveCfg = Release|ARM
		{1B86C884-966E-4EB7-ADD4-9EFE0A9716CA}.Ad-Hoc|ARM.Build.0 = Release|ARM
		{1B86C884-966E-4EB7-ADD4-9EFE0A9716CA}.Ad-Hoc|ARM.Deploy.0 = Release|ARM
		{1B86C884-966E-4EB7-ADD4-9EFE0A9716CA}.Ad-Hoc|iPhone.ActiveCfg = Release|Any CPU
		{1B86C884-966E-4EB7-ADD4-9EFE0A9716CA}.Ad-Hoc|iPhoneSimulator.ActiveCfg = Release|Any CPU
		{1B86C884-966E-4EB7-ADD4-9EFE0A9716CA}.Ad-Hoc|Mixed Platforms.ActiveCfg = Release|x86
		{1B86C884-966E-4EB7-ADD4-9EFE0A9716CA}.Ad-Hoc|Mixed Platforms.Build.0 = Release|x86
		{1B86C884-966E-4EB7-ADD4-9EFE0A9716CA}.Ad-Hoc|Mixed Platforms.Deploy.0 = Release|x86
		{1B86C884-966E-4EB7-ADD4-9EFE0A9716CA}.Ad-Hoc|x86.ActiveCfg = Release|x86
		{1B86C884-966E-4EB7-ADD4-9EFE0A9716CA}.Ad-Hoc|x86.Build.0 = Release|x86
		{1B86C884-966E-4EB7-ADD4-9EFE0A9716CA}.Ad-Hoc|x86.Deploy.0 = Release|x86
		{1B86C884-966E-4EB7-ADD4-9EFE0A9716CA}.AppStore|Any CPU.ActiveCfg = Release|Any CPU
		{1B86C884-966E-4EB7-ADD4-9EFE0A9716CA}.AppStore|Any CPU.Build.0 = Release|Any CPU
		{1B86C884-966E-4EB7-ADD4-9EFE0A9716CA}.AppStore|Any CPU.Deploy.0 = Release|Any CPU
		{1B86C884-966E-4EB7-ADD4-9EFE0A9716CA}.AppStore|ARM.ActiveCfg = Release|ARM
		{1B86C884-966E-4EB7-ADD4-9EFE0A9716CA}.AppStore|ARM.Build.0 = Release|ARM
		{1B86C884-966E-4EB7-ADD4-9EFE0A9716CA}.AppStore|ARM.Deploy.0 = Release|ARM
		{1B86C884-966E-4EB7-ADD4-9EFE0A9716CA}.AppStore|iPhone.ActiveCfg = Release|Any CPU
		{1B86C884-966E-4EB7-ADD4-9EFE0A9716CA}.AppStore|iPhoneSimulator.ActiveCfg = Release|Any CPU
		{1B86C884-966E-4EB7-ADD4-9EFE0A9716CA}.AppStore|Mixed Platforms.ActiveCfg = Release|x86
		{1B86C884-966E-4EB7-ADD4-9EFE0A9716CA}.AppStore|Mixed Platforms.Build.0 = Release|x86
		{1B86C884-966E-4EB7-ADD4-9EFE0A9716CA}.AppStore|Mixed Platforms.Deploy.0 = Release|x86
		{1B86C884-966E-4EB7-ADD4-9EFE0A9716CA}.AppStore|x86.ActiveCfg = Release|x86
		{1B86C884-966E-4EB7-ADD4-9EFE0A9716CA}.AppStore|x86.Build.0 = Release|x86
		{1B86C884-966E-4EB7-ADD4-9EFE0A9716CA}.AppStore|x86.Deploy.0 = Release|x86
		{1B86C884-966E-4EB7-ADD4-9EFE0A9716CA}.Debug|Any CPU.ActiveCfg = Debug|Any CPU
		{1B86C884-966E-4EB7-ADD4-9EFE0A9716CA}.Debug|Any CPU.Build.0 = Debug|Any CPU
		{1B86C884-966E-4EB7-ADD4-9EFE0A9716CA}.Debug|Any CPU.Deploy.0 = Debug|Any CPU
		{1B86C884-966E-4EB7-ADD4-9EFE0A9716CA}.Debug|ARM.ActiveCfg = Debug|ARM
		{1B86C884-966E-4EB7-ADD4-9EFE0A9716CA}.Debug|ARM.Build.0 = Debug|ARM
		{1B86C884-966E-4EB7-ADD4-9EFE0A9716CA}.Debug|ARM.Deploy.0 = Debug|ARM
		{1B86C884-966E-4EB7-ADD4-9EFE0A9716CA}.Debug|iPhone.ActiveCfg = Debug|Any CPU
		{1B86C884-966E-4EB7-ADD4-9EFE0A9716CA}.Debug|iPhoneSimulator.ActiveCfg = Debug|Any CPU
		{1B86C884-966E-4EB7-ADD4-9EFE0A9716CA}.Debug|Mixed Platforms.ActiveCfg = Debug|x86
		{1B86C884-966E-4EB7-ADD4-9EFE0A9716CA}.Debug|Mixed Platforms.Build.0 = Debug|x86
		{1B86C884-966E-4EB7-ADD4-9EFE0A9716CA}.Debug|Mixed Platforms.Deploy.0 = Debug|x86
		{1B86C884-966E-4EB7-ADD4-9EFE0A9716CA}.Debug|x86.ActiveCfg = Debug|x86
		{1B86C884-966E-4EB7-ADD4-9EFE0A9716CA}.Debug|x86.Build.0 = Debug|x86
		{1B86C884-966E-4EB7-ADD4-9EFE0A9716CA}.Debug|x86.Deploy.0 = Debug|x86
		{1B86C884-966E-4EB7-ADD4-9EFE0A9716CA}.Release|Any CPU.ActiveCfg = Release|Any CPU
		{1B86C884-966E-4EB7-ADD4-9EFE0A9716CA}.Release|Any CPU.Build.0 = Release|Any CPU
		{1B86C884-966E-4EB7-ADD4-9EFE0A9716CA}.Release|Any CPU.Deploy.0 = Release|Any CPU
		{1B86C884-966E-4EB7-ADD4-9EFE0A9716CA}.Release|ARM.ActiveCfg = Release|ARM
		{1B86C884-966E-4EB7-ADD4-9EFE0A9716CA}.Release|ARM.Build.0 = Release|ARM
		{1B86C884-966E-4EB7-ADD4-9EFE0A9716CA}.Release|ARM.Deploy.0 = Release|ARM
		{1B86C884-966E-4EB7-ADD4-9EFE0A9716CA}.Release|iPhone.ActiveCfg = Release|Any CPU
		{1B86C884-966E-4EB7-ADD4-9EFE0A9716CA}.Release|iPhoneSimulator.ActiveCfg = Release|Any CPU
		{1B86C884-966E-4EB7-ADD4-9EFE0A9716CA}.Release|Mixed Platforms.ActiveCfg = Release|x86
		{1B86C884-966E-4EB7-ADD4-9EFE0A9716CA}.Release|Mixed Platforms.Build.0 = Release|x86
		{1B86C884-966E-4EB7-ADD4-9EFE0A9716CA}.Release|Mixed Platforms.Deploy.0 = Release|x86
		{1B86C884-966E-4EB7-ADD4-9EFE0A9716CA}.Release|x86.ActiveCfg = Release|x86
		{1B86C884-966E-4EB7-ADD4-9EFE0A9716CA}.Release|x86.Build.0 = Release|x86
		{1B86C884-966E-4EB7-ADD4-9EFE0A9716CA}.Release|x86.Deploy.0 = Release|x86
	EndGlobalSection
	GlobalSection(SolutionProperties) = preSolution
		HideSolutionNode = FALSE
	EndGlobalSection
EndGlobal
